
Microsoft Visual Studio Solution File, Format Version 12.00
# Visual Studio Version 16
VisualStudioVersion = 16.0.29230.47
MinimumVisualStudioVersion = 10.0.40219.1
Project("{FAE04EC0-301F-11D3-BF4B-00C04F79EFBC}") = "WindowsFormsApp1", "WindowsFormsApp1\WindowsFormsApp1.csproj", "{163A1A65-CFF3-4FBD-8528-AA2FEB56CC3D}"
EndProject
Global
	GlobalSection(SolutionConfigurationPlatforms) = preSolution
		Debug|Any CPU = Debug|Any CPU
		Release|Any CPU = Release|Any CPU
	EndGlobalSection
	GlobalSection(ProjectConfigurationPlatforms) = postSolution
		{163A1A65-CFF3-4FBD-8528-AA2FEB56CC3D}.Debug|Any CPU.ActiveCfg = Debug|Any CPU
		{163A1A65-CFF3-4FBD-8528-AA2FEB56CC3D}.Debug|Any CPU.Build.0 = Debug|Any CPU
		{163A1A65-CFF3-4FBD-8528-AA2FEB56CC3D}.Release|Any CPU.ActiveCfg = Release|Any CPU
		{163A1A65-CFF3-4FBD-8528-AA2FEB56CC3D}.Release|Any CPU.Build.0 = Release|Any CPU
	EndGlobalSection
	GlobalSection(SolutionProperties) = preSolution
		HideSolutionNode = FALSE
	EndGlobalSection
	GlobalSection(ExtensibilityGlobals) = postSolution
		SolutionGuid = {44E1CF84-C78B-4EAD-9383-10B109F15586}
	EndGlobalSection
EndGlobal
